
Microsoft Visual Studio Solution File, Format Version 12.00
# Visual Studio Version 17
VisualStudioVersion = 17.3.32901.215
MinimumVisualStudioVersion = 10.0.40219.1
Project("{FAE04EC0-301F-11D3-BF4B-00C04F79EFBC}") = "Proxy-Axtaris", "Proxy-Axtaris\Proxy-Axtaris.csproj", "{0C26B88C-BBDE-4CEB-A6CA-5B7DA657817E}"
EndProject
Global
	GlobalSection(SolutionConfigurationPlatforms) = preSolution
		Debug|Any CPU = Debug|Any CPU
		Release|Any CPU = Release|Any CPU
	EndGlobalSection
	GlobalSection(ProjectConfigurationPlatforms) = postSolution
		{0C26B88C-BBDE-4CEB-A6CA-5B7DA657817E}.Debug|Any CPU.ActiveCfg = Debug|Any CPU
		{0C26B88C-BBDE-4CEB-A6CA-5B7DA657817E}.Debug|Any CPU.Build.0 = Debug|Any CPU
		{0C26B88C-BBDE-4CEB-A6CA-5B7DA657817E}.Release|Any CPU.ActiveCfg = Release|Any CPU
		{0C26B88C-BBDE-4CEB-A6CA-5B7DA657817E}.Release|Any CPU.Build.0 = Release|Any CPU
	EndGlobalSection
	GlobalSection(SolutionProperties) = preSolution
		HideSolutionNode = FALSE
	EndGlobalSection
	GlobalSection(ExtensibilityGlobals) = postSolution
		SolutionGuid = {0A334C2F-9F80-445C-9C11-5551D81333A2}
	EndGlobalSection
EndGlobal
